
Microsoft Visual Studio Solution File, Format Version 12.00
# Visual Studio 15
VisualStudioVersion = 15.0.28306.52
MinimumVisualStudioVersion = 10.0.40219.1
Project("{8BC9CEB8-8B4A-11D0-8D11-00A0C91BC942}") = "BarberSynchronizationAlgorithm", "BarberSynchronizationAlgorithm\BarberSynchronizationAlgorithm.vcxproj", "{5A2DC7B6-5F5E-4B92-92C5-D4AA1D430E1D}"
EndProject
Global
	GlobalSection(SolutionConfigurationPlatforms) = preSolution
		Debug|x64 = Debug|x64
		Debug|x86 = Debug|x86
		Release|x64 = Release|x64
		Release|x86 = Release|x86
	EndGlobalSection
	GlobalSection(ProjectConfigurationPlatforms) = postSolution
		{5A2DC7B6-5F5E-4B92-92C5-D4AA1D430E1D}.Debug|x64.ActiveCfg = Debug|x64
		{5A2DC7B6-5F5E-4B92-92C5-D4AA1D430E1D}.Debug|x64.Build.0 = Debug|x64
		{5A2DC7B6-5F5E-4B92-92C5-D4AA1D430E1D}.Debug|x86.ActiveCfg = Debug|Win32
		{5A2DC7B6-5F5E-4B92-92C5-D4AA1D430E1D}.Debug|x86.Build.0 = Debug|Win32
		{5A2DC7B6-5F5E-4B92-92C5-D4AA1D430E1D}.Release|x64.ActiveCfg = Release|x64
		{5A2DC7B6-5F5E-4B92-92C5-D4AA1D430E1D}.Release|x64.Build.0 = Release|x64
		{5A2DC7B6-5F5E-4B92-92C5-D4AA1D430E1D}.Release|x86.ActiveCfg = Release|Win32
		{5A2DC7B6-5F5E-4B92-92C5-D4AA1D430E1D}.Release|x86.Build.0 = Release|Win32
	EndGlobalSection
	GlobalSection(SolutionProperties) = preSolution
		HideSolutionNode = FALSE
	EndGlobalSection
	GlobalSection(ExtensibilityGlobals) = postSolution
		SolutionGuid = {EE995FF4-B5CF-4B69-917A-6C23E0BDABD9}
	EndGlobalSection
EndGlobal
